
Microsoft Visual Studio Solution File, Format Version 12.00
# Visual Studio 2013
VisualStudioVersion = 12.0.40629.0
MinimumVisualStudioVersion = 10.0.40219.1
Project("{FAE04EC0-301F-11D3-BF4B-00C04F79EFBC}") = "Suncrest.ShippingCalculator", "SuncrestShippingCalculator\Suncrest.ShippingCalculator.csproj", "{4D05CA8A-9117-4829-8B7A-FBF1973311C7}"
EndProject
Project("{FAE04EC0-301F-11D3-BF4B-00C04F79EFBC}") = "Suncrest.ShippingCalculator.Tests", "SuncrestShippingCalculator.Tests\Suncrest.ShippingCalculator.Tests.csproj", "{168EFD21-0C0A-4F01-8322-C4468DDD4BF1}"
EndProject
Project("{2150E333-8FDC-42A3-9474-1A3956D46DE8}") = ".nuget", ".nuget", "{28BA5451-E819-47E7-B2BE-75D5C8C95E25}"
	ProjectSection(SolutionItems) = preProject
		.nuget\packages.config = .nuget\packages.config
	EndProjectSection
EndProject
Global
	GlobalSection(SolutionConfigurationPlatforms) = preSolution
		Debug|Any CPU = Debug|Any CPU
		Release|Any CPU = Release|Any CPU
	EndGlobalSection
	GlobalSection(ProjectConfigurationPlatforms) = postSolution
		{4D05CA8A-9117-4829-8B7A-FBF1973311C7}.Debug|Any CPU.ActiveCfg = Debug|Any CPU
		{4D05CA8A-9117-4829-8B7A-FBF1973311C7}.Debug|Any CPU.Build.0 = Debug|Any CPU
		{4D05CA8A-9117-4829-8B7A-FBF1973311C7}.Release|Any CPU.ActiveCfg = Release|Any CPU
		{4D05CA8A-9117-4829-8B7A-FBF1973311C7}.Release|Any CPU.Build.0 = Release|Any CPU
		{168EFD21-0C0A-4F01-8322-C4468DDD4BF1}.Debug|Any CPU.ActiveCfg = Debug|Any CPU
		{168EFD21-0C0A-4F01-8322-C4468DDD4BF1}.Debug|Any CPU.Build.0 = Debug|Any CPU
		{168EFD21-0C0A-4F01-8322-C4468DDD4BF1}.Release|Any CPU.ActiveCfg = Release|Any CPU
		{168EFD21-0C0A-4F01-8322-C4468DDD4BF1}.Release|Any CPU.Build.0 = Release|Any CPU
	EndGlobalSection
	GlobalSection(SolutionProperties) = preSolution
		HideSolutionNode = FALSE
	EndGlobalSection
EndGlobal
